// !$*UTF8*$!
{
	archiveVersion = 1;
	classes = {
	};
	objectVersion = 50;
	objects = {

/* Begin PBXBuildFile section */
		F8A2EC7D238BBBBF00D5E5CF /* AppDelegate.swift in Sources */ = {isa = PBXBuildFile; fileRef = F8A2EC7C238BBBBF00D5E5CF /* AppDelegate.swift */; };
		F8A2EC7F238BBBBF00D5E5CF /* SceneDelegate.swift in Sources */ = {isa = PBXBuildFile; fileRef = F8A2EC7E238BBBBF00D5E5CF /* SceneDelegate.swift */; };
		F8A2EC81238BBBBF00D5E5CF /* ItemViewController.swift in Sources */ = {isa = PBXBuildFile; fileRef = F8A2EC80238BBBBF00D5E5CF /* ItemViewController.swift */; };
		F8A2EC84238BBBBF00D5E5CF /* Main.storyboard in Resources */ = {isa = PBXBuildFile; fileRef = F8A2EC82238BBBBF00D5E5CF /* Main.storyboard */; };
		F8A2EC86238BBBC100D5E5CF /* Assets.xcassets in Resources */ = {isa = PBXBuildFile; fileRef = F8A2EC85238BBBC100D5E5CF /* Assets.xcassets */; };
		F8A2EC89238BBBC100D5E5CF /* LaunchScreen.storyboard in Resources */ = {isa = PBXBuildFile; fileRef = F8A2EC87238BBBC100D5E5CF /* LaunchScreen.storyboard */; };
		F8A2EC92238BC80800D5E5CF /* NetWorkService.swift in Sources */ = {isa = PBXBuildFile; fileRef = F8A2EC91238BC80800D5E5CF /* NetWorkService.swift */; };
		F8A2EC95238BCDE700D5E5CF /* Item.swift in Sources */ = {isa = PBXBuildFile; fileRef = F8A2EC94238BCDE700D5E5CF /* Item.swift */; };
		F8E803AC238BD50500526993 /* ItemCell.swift in Sources */ = {isa = PBXBuildFile; fileRef = F8E803AB238BD50500526993 /* ItemCell.swift */; };
		F8E803B8238CE40200526993 /* ItemHeader.swift in Sources */ = {isa = PBXBuildFile; fileRef = F8E803B7238CE40200526993 /* ItemHeader.swift */; };
		F8E803BA238CE41800526993 /* ItemHeader.xib in Resources */ = {isa = PBXBuildFile; fileRef = F8E803B9238CE41800526993 /* ItemHeader.xib */; };
		F8E803BC238CF14800526993 /* ShoppingListViewController.swift in Sources */ = {isa = PBXBuildFile; fileRef = F8E803BB238CF14800526993 /* ShoppingListViewController.swift */; };
		F8E803C1238D02DB00526993 /* PurchasedItemsService.swift in Sources */ = {isa = PBXBuildFile; fileRef = F8E803C0238D02DB00526993 /* PurchasedItemsService.swift */; };
		F8E803C3238D041F00526993 /* PurchasedItem.swift in Sources */ = {isa = PBXBuildFile; fileRef = F8E803C2238D041F00526993 /* PurchasedItem.swift */; };
		F8E803C5238D168900526993 /* PurchasedItemCell.swift in Sources */ = {isa = PBXBuildFile; fileRef = F8E803C4238D168900526993 /* PurchasedItemCell.swift */; };
		F8E803C7238E125300526993 /* ItemsService.swift in Sources */ = {isa = PBXBuildFile; fileRef = F8E803C6238E125300526993 /* ItemsService.swift */; };
		F8E803C9238E3EE100526993 /* ShoppingListFooter.xib in Resources */ = {isa = PBXBuildFile; fileRef = F8E803C8238E3EE100526993 /* ShoppingListFooter.xib */; };
		F8E803CB238E401500526993 /* ShoppingListFooter.swift in Sources */ = {isa = PBXBuildFile; fileRef = F8E803CA238E401500526993 /* ShoppingListFooter.swift */; };
		F8E803CD238E44E300526993 /* ReceiptViewcontroller.swift in Sources */ = {isa = PBXBuildFile; fileRef = F8E803CC238E44E300526993 /* ReceiptViewcontroller.swift */; };
/* End PBXBuildFile section */

/* Begin PBXFileReference section */
		F8A2EC79238BBBBF00D5E5CF /* POSApp.app */ = {isa = PBXFileReference; explicitFileType = wrapper.application; includeInIndex = 0; path = POSApp.app; sourceTree = BUILT_PRODUCTS_DIR; };
		F8A2EC7C238BBBBF00D5E5CF /* AppDelegate.swift */ = {isa = PBXFileReference; lastKnownFileType = sourcecode.swift; path = AppDelegate.swift; sourceTree = "<group>"; };
		F8A2EC7E238BBBBF00D5E5CF /* SceneDelegate.swift */ = {isa = PBXFileReference; lastKnownFileType = sourcecode.swift; path = SceneDelegate.swift; sourceTree = "<group>"; };
		F8A2EC80238BBBBF00D5E5CF /* ItemViewController.swift */ = {isa = PBXFileReference; lastKnownFileType = sourcecode.swift; path = ItemViewController.swift; sourceTree = "<group>"; };
		F8A2EC83238BBBBF00D5E5CF /* Base */ = {isa = PBXFileReference; lastKnownFileType = file.storyboard; name = Base; path = Base.lproj/Main.storyboard; sourceTree = "<group>"; };
		F8A2EC85238BBBC100D5E5CF /* Assets.xcassets */ = {isa = PBXFileReference; lastKnownFileType = folder.assetcatalog; path = Assets.xcassets; sourceTree = "<group>"; };
		F8A2EC88238BBBC100D5E5CF /* Base */ = {isa = PBXFileReference; lastKnownFileType = file.storyboard; name = Base; path = Base.lproj/LaunchScreen.storyboard; sourceTree = "<group>"; };
		F8A2EC8A238BBBC100D5E5CF /* Info.plist */ = {isa = PBXFileReference; lastKnownFileType = text.plist.xml; path = Info.plist; sourceTree = "<group>"; };
		F8A2EC91238BC80800D5E5CF /* NetWorkService.swift */ = {isa = PBXFileReference; lastKnownFileType = sourcecode.swift; path = NetWorkService.swift; sourceTree = "<group>"; };
		F8A2EC94238BCDE700D5E5CF /* Item.swift */ = {isa = PBXFileReference; lastKnownFileType = sourcecode.swift; path = Item.swift; sourceTree = "<group>"; };
		F8E803AB238BD50500526993 /* ItemCell.swift */ = {isa = PBXFileReference; lastKnownFileType = sourcecode.swift; path = ItemCell.swift; sourceTree = "<group>"; };
		F8E803B7238CE40200526993 /* ItemHeader.swift */ = {isa = PBXFileReference; fileEncoding = 4; lastKnownFileType = sourcecode.swift; name = ItemHeader.swift; path = ../../../../../../../.Trash/ItemHeader.swift; sourceTree = "<group>"; };
		F8E803B9238CE41800526993 /* ItemHeader.xib */ = {isa = PBXFileReference; fileEncoding = 4; lastKnownFileType = file.xib; name = ItemHeader.xib; path = ../../../../../../../.Trash/ItemHeader.xib; sourceTree = "<group>"; };
		F8E803BB238CF14800526993 /* ShoppingListViewController.swift */ = {isa = PBXFileReference; lastKnownFileType = sourcecode.swift; path = ShoppingListViewController.swift; sourceTree = "<group>"; };
		F8E803C0238D02DB00526993 /* PurchasedItemsService.swift */ = {isa = PBXFileReference; lastKnownFileType = sourcecode.swift; path = PurchasedItemsService.swift; sourceTree = "<group>"; };
		F8E803C2238D041F00526993 /* PurchasedItem.swift */ = {isa = PBXFileReference; lastKnownFileType = sourcecode.swift; path = PurchasedItem.swift; sourceTree = "<group>"; };
		F8E803C4238D168900526993 /* PurchasedItemCell.swift */ = {isa = PBXFileReference; lastKnownFileType = sourcecode.swift; path = PurchasedItemCell.swift; sourceTree = "<group>"; };
		F8E803C6238E125300526993 /* ItemsService.swift */ = {isa = PBXFileReference; lastKnownFileType = sourcecode.swift; path = ItemsService.swift; sourceTree = "<group>"; };
		F8E803C8238E3EE100526993 /* ShoppingListFooter.xib */ = {isa = PBXFileReference; lastKnownFileType = file.xib; path = ShoppingListFooter.xib; sourceTree = "<group>"; };
		F8E803CA238E401500526993 /* ShoppingListFooter.swift */ = {isa = PBXFileReference; lastKnownFileType = sourcecode.swift; path = ShoppingListFooter.swift; sourceTree = "<group>"; };
		F8E803CC238E44E300526993 /* ReceiptViewcontroller.swift */ = {isa = PBXFileReference; lastKnownFileType = sourcecode.swift; path = ReceiptViewcontroller.swift; sourceTree = "<group>"; };
/* End PBXFileReference section */

/* Begin PBXFrameworksBuildPhase section */
		F8A2EC76238BBBBF00D5E5CF /* Frameworks */ = {
			isa = PBXFrameworksBuildPhase;
			buildActionMask = 2147483647;
			files = (
			);
			runOnlyForDeploymentPostprocessing = 0;
		};
/* End PBXFrameworksBuildPhase section */

/* Begin PBXGroup section */
		F8A2EC70238BBBBF00D5E5CF = {
			isa = PBXGroup;
			children = (
				F8A2EC7B238BBBBF00D5E5CF /* POSApp */,
				F8A2EC7A238BBBBF00D5E5CF /* Products */,
			);
			sourceTree = "<group>";
		};
		F8A2EC7A238BBBBF00D5E5CF /* Products */ = {
			isa = PBXGroup;
			children = (
				F8A2EC79238BBBBF00D5E5CF /* POSApp.app */,
			);
			name = Products;
			sourceTree = "<group>";
		};
		F8A2EC7B238BBBBF00D5E5CF /* POSApp */ = {
			isa = PBXGroup;
			children = (
				F8E803BF238D00E600526993 /* Controller */,
				F8E803AA238BD4E400526993 /* View */,
				F8A2EC93238BCDCE00D5E5CF /* Model */,
				F8A2EC90238BC7B000D5E5CF /* Service */,
				F8A2EC7C238BBBBF00D5E5CF /* AppDelegate.swift */,
				F8A2EC7E238BBBBF00D5E5CF /* SceneDelegate.swift */,
				F8A2EC82238BBBBF00D5E5CF /* Main.storyboard */,
				F8A2EC85238BBBC100D5E5CF /* Assets.xcassets */,
				F8A2EC87238BBBC100D5E5CF /* LaunchScreen.storyboard */,
				F8A2EC8A238BBBC100D5E5CF /* Info.plist */,
			);
			path = POSApp;
			sourceTree = "<group>";
		};
		F8A2EC90238BC7B000D5E5CF /* Service */ = {
			isa = PBXGroup;
			children = (
				F8A2EC91238BC80800D5E5CF /* NetWorkService.swift */,
				F8E803C0238D02DB00526993 /* PurchasedItemsService.swift */,
				F8E803C6238E125300526993 /* ItemsService.swift */,
			);
			path = Service;
			sourceTree = "<group>";
		};
		F8A2EC93238BCDCE00D5E5CF /* Model */ = {
			isa = PBXGroup;
			children = (
				F8A2EC94238BCDE700D5E5CF /* Item.swift */,
				F8E803C2238D041F00526993 /* PurchasedItem.swift */,
			);
			path = Model;
			sourceTree = "<group>";
		};
		F8E803AA238BD4E400526993 /* View */ = {
			isa = PBXGroup;
			children = (
				F8E803AB238BD50500526993 /* ItemCell.swift */,
				F8E803B7238CE40200526993 /* ItemHeader.swift */,
				F8E803B9238CE41800526993 /* ItemHeader.xib */,
				F8E803C4238D168900526993 /* PurchasedItemCell.swift */,
				F8E803C8238E3EE100526993 /* ShoppingListFooter.xib */,
				F8E803CA238E401500526993 /* ShoppingListFooter.swift */,
			);
			path = View;
			sourceTree = "<group>";
		};
		F8E803BF238D00E600526993 /* Controller */ = {
			isa = PBXGroup;
			children = (
				F8A2EC80238BBBBF00D5E5CF /* ItemViewController.swift */,
				F8E803BB238CF14800526993 /* ShoppingListViewController.swift */,
				F8E803CC238E44E300526993 /* ReceiptViewcontroller.swift */,
			);
			path = Controller;
			sourceTree = "<group>";
		};
/* End PBXGroup section */

/* Begin PBXNativeTarget section */
		F8A2EC78238BBBBF00D5E5CF /* POSApp */ = {
			isa = PBXNativeTarget;
			buildConfigurationList = F8A2EC8D238BBBC100D5E5CF /* Build configuration list for PBXNativeTarget "POSApp" */;
			buildPhases = (
				F8A2EC75238BBBBF00D5E5CF /* Sources */,
				F8A2EC76238BBBBF00D5E5CF /* Frameworks */,
				F8A2EC77238BBBBF00D5E5CF /* Resources */,
			);
			buildRules = (
			);
			dependencies = (
			);
			name = POSApp;
			productName = POSApp;
			productReference = F8A2EC79238BBBBF00D5E5CF /* POSApp.app */;
			productType = "com.apple.product-type.application";
		};
/* End PBXNativeTarget section */

/* Begin PBXProject section */
		F8A2EC71238BBBBF00D5E5CF /* Project object */ = {
			isa = PBXProject;
			attributes = {
				LastSwiftUpdateCheck = 1120;
				LastUpgradeCheck = 1120;
				ORGANIZATIONNAME = "Linxiao Wei";
				TargetAttributes = {
					F8A2EC78238BBBBF00D5E5CF = {
						CreatedOnToolsVersion = 11.2.1;
					};
				};
			};
			buildConfigurationList = F8A2EC74238BBBBF00D5E5CF /* Build configuration list for PBXProject "POSApp" */;
			compatibilityVersion = "Xcode 9.3";
			developmentRegion = en;
			hasScannedForEncodings = 0;
			knownRegions = (
				en,
				Base,
			);
			mainGroup = F8A2EC70238BBBBF00D5E5CF;
			productRefGroup = F8A2EC7A238BBBBF00D5E5CF /* Products */;
			projectDirPath = "";
			projectRoot = "";
			targets = (
				F8A2EC78238BBBBF00D5E5CF /* POSApp */,
			);
		};
/* End PBXProject section */

/* Begin PBXResourcesBuildPhase section */
		F8A2EC77238BBBBF00D5E5CF /* Resources */ = {
			isa = PBXResourcesBuildPhase;
			buildActionMask = 2147483647;
			files = (
				F8A2EC89238BBBC100D5E5CF /* LaunchScreen.storyboard in Resources */,
				F8A2EC86238BBBC100D5E5CF /* Assets.xcassets in Resources */,
				F8A2EC84238BBBBF00D5E5CF /* Main.storyboard in Resources */,
				F8E803C9238E3EE100526993 /* ShoppingListFooter.xib in Resources */,
				F8E803BA238CE41800526993 /* ItemHeader.xib in Resources */,
			);
			runOnlyForDeploymentPostprocessing = 0;
		};
/* End PBXResourcesBuildPhase section */

/* Begin PBXSourcesBuildPhase section */
		F8A2EC75238BBBBF00D5E5CF /* Sources */ = {
			isa = PBXSourcesBuildPhase;
			buildActionMask = 2147483647;
			files = (
				F8E803C7238E125300526993 /* ItemsService.swift in Sources */,
				F8E803CD238E44E300526993 /* ReceiptViewcontroller.swift in Sources */,
				F8A2EC95238BCDE700D5E5CF /* Item.swift in Sources */,
				F8A2EC92238BC80800D5E5CF /* NetWorkService.swift in Sources */,
				F8E803C5238D168900526993 /* PurchasedItemCell.swift in Sources */,
				F8E803AC238BD50500526993 /* ItemCell.swift in Sources */,
				F8E803B8238CE40200526993 /* ItemHeader.swift in Sources */,
				F8E803C3238D041F00526993 /* PurchasedItem.swift in Sources */,
				F8E803BC238CF14800526993 /* ShoppingListViewController.swift in Sources */,
				F8A2EC81238BBBBF00D5E5CF /* ItemViewController.swift in Sources */,
				F8A2EC7D238BBBBF00D5E5CF /* AppDelegate.swift in Sources */,
				F8E803CB238E401500526993 /* ShoppingListFooter.swift in Sources */,
				F8E803C1238D02DB00526993 /* PurchasedItemsService.swift in Sources */,
				F8A2EC7F238BBBBF00D5E5CF /* SceneDelegate.swift in Sources */,
			);
			runOnlyForDeploymentPostprocessing = 0;
		};
/* End PBXSourcesBuildPhase section */

/* Begin PBXVariantGroup section */
		F8A2EC82238BBBBF00D5E5CF /* Main.storyboard */ = {
			isa = PBXVariantGroup;
			children = (
				F8A2EC83238BBBBF00D5E5CF /* Base */,
			);
			name = Main.storyboard;
			sourceTree = "<group>";
		};
		F8A2EC87238BBBC100D5E5CF /* LaunchScreen.storyboard */ = {
			isa = PBXVariantGroup;
			children = (
				F8A2EC88238BBBC100D5E5CF /* Base */,
			);
			name = LaunchScreen.storyboard;
			sourceTree = "<group>";
		};
/* End PBXVariantGroup section */

/* Begin XCBuildConfiguration section */
		F8A2EC8B238BBBC100D5E5CF /* Debug */ = {
			isa = XCBuildConfiguration;
			buildSettings = {
				ALWAYS_SEARCH_USER_PATHS = NO;
				CLANG_ANALYZER_NONNULL = YES;
				CLANG_ANALYZER_NUMBER_OBJECT_CONVERSION = YES_AGGRESSIVE;
				CLANG_CXX_LANGUAGE_STANDARD = "gnu++14";
				CLANG_CXX_LIBRARY = "libc++";
				CLANG_ENABLE_MODULES = YES;
				CLANG_ENABLE_OBJC_ARC = YES;
				CLANG_ENABLE_OBJC_WEAK = YES;
				CLANG_WARN_BLOCK_CAPTURE_AUTORELEASING = YES;
				CLANG_WARN_BOOL_CONVERSION = YES;
				CLANG_WARN_COMMA = YES;
				CLANG_WARN_CONSTANT_CONVERSION = YES;
				CLANG_WARN_DEPRECATED_OBJC_IMPLEMENTATIONS = YES;
				CLANG_WARN_DIRECT_OBJC_ISA_USAGE = YES_ERROR;
				CLANG_WARN_DOCUMENTATION_COMMENTS = YES;
				CLANG_WARN_EMPTY_BODY = YES;
				CLANG_WARN_ENUM_CONVERSION = YES;
				CLANG_WARN_INFINITE_RECURSION = YES;
				CLANG_WARN_INT_CONVERSION = YES;
				CLANG_WARN_NON_LITERAL_NULL_CONVERSION = YES;
				CLANG_WARN_OBJC_IMPLICIT_RETAIN_SELF = YES;
				CLANG_WARN_OBJC_LITERAL_CONVERSION = YES;
				CLANG_WARN_OBJC_ROOT_CLASS = YES_ERROR;
				CLANG_WARN_RANGE_LOOP_ANALYSIS = YES;
				CLANG_WARN_STRICT_PROTOTYPES = YES;
				CLANG_WARN_SUSPICIOUS_MOVE = YES;
				CLANG_WARN_UNGUARDED_AVAILABILITY = YES_AGGRESSIVE;
				CLANG_WARN_UNREACHABLE_CODE = YES;
				CLANG_WARN__DUPLICATE_METHOD_MATCH = YES;
				COPY_PHASE_STRIP = NO;
				DEBUG_INFORMATION_FORMAT = dwarf;
				ENABLE_STRICT_OBJC_MSGSEND = YES;
				ENABLE_TESTABILITY = YES;
				GCC_C_LANGUAGE_STANDARD = gnu11;
				GCC_DYNAMIC_NO_PIC = NO;
				GCC_NO_COMMON_BLOCKS = YES;
				GCC_OPTIMIZATION_LEVEL = 0;
				GCC_PREPROCESSOR_DEFINITIONS = (
					"DEBUG=1",
					"$(inherited)",
				);
				GCC_WARN_64_TO_32_BIT_CONVERSION = YES;
				GCC_WARN_ABOUT_RETURN_TYPE = YES_ERROR;
				GCC_WARN_UNDECLARED_SELECTOR = YES;
				GCC_WARN_UNINITIALIZED_AUTOS = YES_AGGRESSIVE;
				GCC_WARN_UNUSED_FUNCTION = YES;
				GCC_WARN_UNUSED_VARIABLE = YES;
				IPHONEOS_DEPLOYMENT_TARGET = 13.2;
				MTL_ENABLE_DEBUG_INFO = INCLUDE_SOURCE;
				MTL_FAST_MATH = YES;
				ONLY_ACTIVE_ARCH = YES;
				SDKROOT = iphoneos;
				SWIFT_ACTIVE_COMPILATION_CONDITIONS = DEBUG;
				SWIFT_OPTIMIZATION_LEVEL = "-Onone";
			};
			name = Debug;
		};
		F8A2EC8C238BBBC100D5E5CF /* Release */ = {
			isa = XCBuildConfiguration;
			buildSettings = {
				ALWAYS_SEARCH_USER_PATHS = NO;
				CLANG_ANALYZER_NONNULL = YES;
				CLANG_ANALYZER_NUMBER_OBJECT_CONVERSION = YES_AGGRESSIVE;
				CLANG_CXX_LANGUAGE_STANDARD = "gnu++14";
				CLANG_CXX_LIBRARY = "libc++";
				CLANG_ENABLE_MODULES = YES;
				CLANG_ENABLE_OBJC_ARC = YES;
				CLANG_ENABLE_OBJC_WEAK = YES;
				CLANG_WARN_BLOCK_CAPTURE_AUTORELEASING = YES;
				CLANG_WARN_BOOL_CONVERSION = YES;
				CLANG_WARN_COMMA = YES;
				CLANG_WARN_CONSTANT_CONVERSION = YES;
				CLANG_WARN_DEPRECATED_OBJC_IMPLEMENTATIONS = YES;
				CLANG_WARN_DIRECT_OBJC_ISA_USAGE = YES_ERROR;
				CLANG_WARN_DOCUMENTATION_COMMENTS = YES;
				CLANG_WARN_EMPTY_BODY = YES;
				CLANG_WARN_ENUM_CONVERSION = YES;
				CLANG_WARN_INFINITE_RECURSION = YES;
				CLANG_WARN_INT_CONVERSION = YES;
				CLANG_WARN_NON_LITERAL_NULL_CONVERSION = YES;
				CLANG_WARN_OBJC_IMPLICIT_RETAIN_SELF = YES;
				CLANG_WARN_OBJC_LITERAL_CONVERSION = YES;
				CLANG_WARN_OBJC_ROOT_CLASS = YES_ERROR;
				CLANG_WARN_RANGE_LOOP_ANALYSIS = YES;
				CLANG_WARN_STRICT_PROTOTYPES = YES;
				CLANG_WARN_SUSPICIOUS_MOVE = YES;
				CLANG_WARN_UNGUARDED_AVAILABILITY = YES_AGGRESSIVE;
				CLANG_WARN_UNREACHABLE_CODE = YES;
				CLANG_WARN__DUPLICATE_METHOD_MATCH = YES;
				COPY_PHASE_STRIP = NO;
				DEBUG_INFORMATION_FORMAT = "dwarf-with-dsym";
				ENABLE_NS_ASSERTIONS = NO;
				ENABLE_STRICT_OBJC_MSGSEND = YES;
				GCC_C_LANGUAGE_STANDARD = gnu11;
				GCC_NO_COMMON_BLOCKS = YES;
				GCC_WARN_64_TO_32_BIT_CONVERSION = YES;
				GCC_WARN_ABOUT_RETURN_TYPE = YES_ERROR;
				GCC_WARN_UNDECLARED_SELECTOR = YES;
				GCC_WARN_UNINITIALIZED_AUTOS = YES_AGGRESSIVE;
				GCC_WARN_UNUSED_FUNCTION = YES;
				GCC_WARN_UNUSED_VARIABLE = YES;
				IPHONEOS_DEPLOYMENT_TARGET = 13.2;
				MTL_ENABLE_DEBUG_INFO = NO;
				MTL_FAST_MATH = YES;
				SDKROOT = iphoneos;
				SWIFT_COMPILATION_MODE = wholemodule;
				SWIFT_OPTIMIZATION_LEVEL = "-O";
				VALIDATE_PRODUCT = YES;
			};
			name = Release;
		};
		F8A2EC8E238BBBC100D5E5CF /* Debug */ = {
			isa = XCBuildConfiguration;
			buildSettings = {
				ASSETCATALOG_COMPILER_APPICON_NAME = AppIcon;
				CODE_SIGN_STYLE = Automatic;
				DEVELOPMENT_TEAM = P5Y234NJ9H;
				INFOPLIST_FILE = POSApp/Info.plist;
				LD_RUNPATH_SEARCH_PATHS = (
					"$(inherited)",
					"@executable_path/Frameworks",
				);
				PRODUCT_BUNDLE_IDENTIFIER = pracrice.POSApp;
				PRODUCT_NAME = "$(TARGET_NAME)";
				SWIFT_VERSION = 5.0;
				TARGETED_DEVICE_FAMILY = "1,2";
			};
			name = Debug;
		};
		F8A2EC8F238BBBC100D5E5CF /* Release */ = {
			isa = XCBuildConfiguration;
			buildSettings = {
				ASSETCATALOG_COMPILER_APPICON_NAME = AppIcon;
				CODE_SIGN_STYLE = Automatic;
				DEVELOPMENT_TEAM = P5Y234NJ9H;
				INFOPLIST_FILE = POSApp/Info.plist;
				LD_RUNPATH_SEARCH_PATHS = (
					"$(inherited)",
					"@executable_path/Frameworks",
				);
				PRODUCT_BUNDLE_IDENTIFIER = pracrice.POSApp;
				PRODUCT_NAME = "$(TARGET_NAME)";
				SWIFT_VERSION = 5.0;
				TARGETED_DEVICE_FAMILY = "1,2";
			};
			name = Release;
		};
/* End XCBuildConfiguration section */

/* Begin XCConfigurationList section */
		F8A2EC74238BBBBF00D5E5CF /* Build configuration list for PBXProject "POSApp" */ = {
			isa = XCConfigurationList;
			buildConfigurations = (
				F8A2EC8B238BBBC100D5E5CF /* Debug */,
				F8A2EC8C238BBBC100D5E5CF /* Release */,
			);
			defaultConfigurationIsVisible = 0;
			defaultConfigurationName = Release;
		};
		F8A2EC8D238BBBC100D5E5CF /* Build configuration list for PBXNativeTarget "POSApp" */ = {
			isa = XCConfigurationList;
			buildConfigurations = (
				F8A2EC8E238BBBC100D5E5CF /* Debug */,
				F8A2EC8F238BBBC100D5E5CF /* Release */,
			);
			defaultConfigurationIsVisible = 0;
			defaultConfigurationName = Release;
		};
/* End XCConfigurationList section */
	};
	rootObject = F8A2EC71238BBBBF00D5E5CF /* Project object */;
}
